// !$*UTF8*$!
{
	archiveVersion = 1;
	classes = {
	};
	objectVersion = 48;
	objects = {

/* Begin PBXBuildFile section */
		C1AF66F61EF0BD8500BF12DD /* AppDelegate.swift in Sources */ = {isa = PBXBuildFile; fileRef = C1AF66F51EF0BD8500BF12DD /* AppDelegate.swift */; };
		C1AF66F81EF0BD8500BF12DD /* ViewController.swift in Sources */ = {isa = PBXBuildFile; fileRef = C1AF66F71EF0BD8500BF12DD /* ViewController.swift */; };
		C1AF66FB1EF0BD8500BF12DD /* Main.storyboard in Resources */ = {isa = PBXBuildFile; fileRef = C1AF66F91EF0BD8500BF12DD /* Main.storyboard */; };
		C1AF66FE1EF0BD8500BF12DD /* iris_ML_example.xcdatamodeld in Sources */ = {isa = PBXBuildFile; fileRef = C1AF66FC1EF0BD8500BF12DD /* iris_ML_example.xcdatamodeld */; };
		C1AF67001EF0BD8500BF12DD /* Assets.xcassets in Resources */ = {isa = PBXBuildFile; fileRef = C1AF66FF1EF0BD8500BF12DD /* Assets.xcassets */; };
		C1AF67031EF0BD8500BF12DD /* LaunchScreen.storyboard in Resources */ = {isa = PBXBuildFile; fileRef = C1AF67011EF0BD8500BF12DD /* LaunchScreen.storyboard */; };
/* End PBXBuildFile section */

/* Begin PBXFileReference section */
		C1AF66F21EF0BD8500BF12DD /* iris_ML_example.app */ = {isa = PBXFileReference; explicitFileType = wrapper.application; includeInIndex = 0; path = iris_ML_example.app; sourceTree = BUILT_PRODUCTS_DIR; };
		C1AF66F51EF0BD8500BF12DD /* AppDelegate.swift */ = {isa = PBXFileReference; lastKnownFileType = sourcecode.swift; path = AppDelegate.swift; sourceTree = "<group>"; };
		C1AF66F71EF0BD8500BF12DD /* ViewController.swift */ = {isa = PBXFileReference; lastKnownFileType = sourcecode.swift; path = ViewController.swift; sourceTree = "<group>"; };
		C1AF66FA1EF0BD8500BF12DD /* Base */ = {isa = PBXFileReference; lastKnownFileType = file.storyboard; name = Base; path = Base.lproj/Main.storyboard; sourceTree = "<group>"; };
		C1AF66FD1EF0BD8500BF12DD /* iris_ML_example.xcdatamodel */ = {isa = PBXFileReference; lastKnownFileType = wrapper.xcdatamodel; path = iris_ML_example.xcdatamodel; sourceTree = "<group>"; };
		C1AF66FF1EF0BD8500BF12DD /* Assets.xcassets */ = {isa = PBXFileReference; lastKnownFileType = folder.assetcatalog; path = Assets.xcassets; sourceTree = "<group>"; };
		C1AF67021EF0BD8500BF12DD /* Base */ = {isa = PBXFileReference; lastKnownFileType = file.storyboard; name = Base; path = Base.lproj/LaunchScreen.storyboard; sourceTree = "<group>"; };
		C1AF67041EF0BD8500BF12DD /* Info.plist */ = {isa = PBXFileReference; lastKnownFileType = text.plist.xml; path = Info.plist; sourceTree = "<group>"; };
/* End PBXFileReference section */

/* Begin PBXFrameworksBuildPhase section */
		C1AF66EF1EF0BD8500BF12DD /* Frameworks */ = {
			isa = PBXFrameworksBuildPhase;
			buildActionMask = 2147483647;
			files = (
			);
			runOnlyForDeploymentPostprocessing = 0;
		};
/* End PBXFrameworksBuildPhase section */

/* Begin PBXGroup section */
		C1AF66E91EF0BD8500BF12DD = {
			isa = PBXGroup;
			children = (
				C1AF66F41EF0BD8500BF12DD /* iris_ML_example */,
				C1AF66F31EF0BD8500BF12DD /* Products */,
			);
			sourceTree = "<group>";
		};
		C1AF66F31EF0BD8500BF12DD /* Products */ = {
			isa = PBXGroup;
			children = (
				C1AF66F21EF0BD8500BF12DD /* iris_ML_example.app */,
			);
			name = Products;
			sourceTree = "<group>";
		};
		C1AF66F41EF0BD8500BF12DD /* iris_ML_example */ = {
			isa = PBXGroup;
			children = (
				C1AF66F51EF0BD8500BF12DD /* AppDelegate.swift */,
				C1AF66F71EF0BD8500BF12DD /* ViewController.swift */,
				C1AF66F91EF0BD8500BF12DD /* Main.storyboard */,
				C1AF66FF1EF0BD8500BF12DD /* Assets.xcassets */,
				C1AF67011EF0BD8500BF12DD /* LaunchScreen.storyboard */,
				C1AF67041EF0BD8500BF12DD /* Info.plist */,
				C1AF66FC1EF0BD8500BF12DD /* iris_ML_example.xcdatamodeld */,
			);
			path = iris_ML_example;
			sourceTree = "<group>";
		};
/* End PBXGroup section */

/* Begin PBXNativeTarget section */
		C1AF66F11EF0BD8500BF12DD /* iris_ML_example */ = {
			isa = PBXNativeTarget;
			buildConfigurationList = C1AF67071EF0BD8500BF12DD /* Build configuration list for PBXNativeTarget "iris_ML_example" */;
			buildPhases = (
				C1AF66EE1EF0BD8500BF12DD /* Sources */,
				C1AF66EF1EF0BD8500BF12DD /* Frameworks */,
				C1AF66F01EF0BD8500BF12DD /* Resources */,
			);
			buildRules = (
			);
			dependencies = (
			);
			name = iris_ML_example;
			productName = iris_ML_example;
			productReference = C1AF66F21EF0BD8500BF12DD /* iris_ML_example.app */;
			productType = "com.apple.product-type.application";
		};
/* End PBXNativeTarget section */

/* Begin PBXProject section */
		C1AF66EA1EF0BD8500BF12DD /* Project object */ = {
			isa = PBXProject;
			attributes = {
				LastSwiftUpdateCheck = 0900;
				LastUpgradeCheck = 0900;
				ORGANIZATIONNAME = ericmay;
				TargetAttributes = {
					C1AF66F11EF0BD8500BF12DD = {
						CreatedOnToolsVersion = 9.0;
					};
				};
			};
			buildConfigurationList = C1AF66ED1EF0BD8500BF12DD /* Build configuration list for PBXProject "iris_ML_example" */;
			compatibilityVersion = "Xcode 8.0";
			developmentRegion = en;
			hasScannedForEncodings = 0;
			knownRegions = (
				en,
				Base,
			);
			mainGroup = C1AF66E91EF0BD8500BF12DD;
			productRefGroup = C1AF66F31EF0BD8500BF12DD /* Products */;
			projectDirPath = "";
			projectRoot = "";
			targets = (
				C1AF66F11EF0BD8500BF12DD /* iris_ML_example */,
			);
		};
/* End PBXProject section */

/* Begin PBXResourcesBuildPhase section */
		C1AF66F01EF0BD8500BF12DD /* Resources */ = {
			isa = PBXResourcesBuildPhase;
			buildActionMask = 2147483647;
			files = (
				C1AF67031EF0BD8500BF12DD /* LaunchScreen.storyboard in Resources */,
				C1AF67001EF0BD8500BF12DD /* Assets.xcassets in Resources */,
				C1AF66FB1EF0BD8500BF12DD /* Main.storyboard in Resources */,
			);
			runOnlyForDeploymentPostprocessing = 0;
		};
/* End PBXResourcesBuildPhase section */

/* Begin PBXSourcesBuildPhase section */
		C1AF66EE1EF0BD8500BF12DD /* Sources */ = {
			isa = PBXSourcesBuildPhase;
			buildActionMask = 2147483647;
			files = (
				C1AF66F81EF0BD8500BF12DD /* ViewController.swift in Sources */,
				C1AF66F61EF0BD8500BF12DD /* AppDelegate.swift in Sources */,
				C1AF66FE1EF0BD8500BF12DD /* iris_ML_example.xcdatamodeld in Sources */,
			);
			runOnlyForDeploymentPostprocessing = 0;
		};
/* End PBXSourcesBuildPhase section */

/* Begin PBXVariantGroup section */
		C1AF66F91EF0BD8500BF12DD /* Main.storyboard */ = {
			isa = PBXVariantGroup;
			children = (
				C1AF66FA1EF0BD8500BF12DD /* Base */,
			);
			name = Main.storyboard;
			sourceTree = "<group>";
		};
		C1AF67011EF0BD8500BF12DD /* LaunchScreen.storyboard */ = {
			isa = PBXVariantGroup;
			children = (
				C1AF67021EF0BD8500BF12DD /* Base */,
			);
			name = LaunchScreen.storyboard;
			sourceTree = "<group>";
		};
/* End PBXVariantGroup section */

/* Begin XCBuildConfiguration section */
		C1AF67051EF0BD8500BF12DD /* Debug */ = {
			isa = XCBuildConfiguration;
			buildSettings = {
				ALWAYS_SEARCH_USER_PATHS = NO;
				CLANG_ANALYZER_NONNULL = YES;
				CLANG_ANALYZER_NUMBER_OBJECT_CONVERSION = YES_AGGRESSIVE;
				CLANG_CXX_LANGUAGE_STANDARD = "gnu++14";
				CLANG_CXX_LIBRARY = "libc++";
				CLANG_ENABLE_MODULES = YES;
				CLANG_ENABLE_OBJC_ARC = YES;
				CLANG_WARN_BLOCK_CAPTURE_AUTORELEASING = YES;
				CLANG_WARN_BOOL_CONVERSION = YES;
				CLANG_WARN_COMMA = YES;
				CLANG_WARN_CONSTANT_CONVERSION = YES;
				CLANG_WARN_DIRECT_OBJC_ISA_USAGE = YES_ERROR;
				CLANG_WARN_DOCUMENTATION_COMMENTS = YES;
				CLANG_WARN_EMPTY_BODY = YES;
				CLANG_WARN_ENUM_CONVERSION = YES;
				CLANG_WARN_INFINITE_RECURSION = YES;
				CLANG_WARN_INT_CONVERSION = YES;
				CLANG_WARN_OBJC_ROOT_CLASS = YES_ERROR;
				CLANG_WARN_RANGE_LOOP_ANALYSIS = YES;
				CLANG_WARN_STRICT_PROTOTYPES = YES;
				CLANG_WARN_SUSPICIOUS_MOVE = YES;
				CLANG_WARN_UNGUARDED_AVAILABILITY = YES_AGGRESSIVE;
				CLANG_WARN_UNREACHABLE_CODE = YES;
				CLANG_WARN__DUPLICATE_METHOD_MATCH = YES;
				CODE_SIGN_IDENTITY = "iPhone Developer";
				COPY_PHASE_STRIP = NO;
				DEBUG_INFORMATION_FORMAT = dwarf;
				ENABLE_STRICT_OBJC_MSGSEND = YES;
				ENABLE_TESTABILITY = YES;
				GCC_C_LANGUAGE_STANDARD = gnu11;
				GCC_DYNAMIC_NO_PIC = NO;
				GCC_NO_COMMON_BLOCKS = YES;
				GCC_OPTIMIZATION_LEVEL = 0;
				GCC_PREPROCESSOR_DEFINITIONS = (
					"DEBUG=1",
					"$(inherited)",
				);
				GCC_WARN_64_TO_32_BIT_CONVERSION = YES;
				GCC_WARN_ABOUT_RETURN_TYPE = YES_ERROR;
				GCC_WARN_UNDECLARED_SELECTOR = YES;
				GCC_WARN_UNINITIALIZED_AUTOS = YES_AGGRESSIVE;
				GCC_WARN_UNUSED_FUNCTION = YES;
				GCC_WARN_UNUSED_VARIABLE = YES;
				IPHONEOS_DEPLOYMENT_TARGET = 11.0;
				MTL_ENABLE_DEBUG_INFO = YES;
				ONLY_ACTIVE_ARCH = YES;
				SDKROOT = iphoneos;
				SWIFT_ACTIVE_COMPILATION_CONDITIONS = DEBUG;
				SWIFT_OPTIMIZATION_LEVEL = "-Onone";
			};
			name = Debug;
		};
		C1AF67061EF0BD8500BF12DD /* Release */ = {
			isa = XCBuildConfiguration;
			buildSettings = {
				ALWAYS_SEARCH_USER_PATHS = NO;
				CLANG_ANALYZER_NONNULL = YES;
				CLANG_ANALYZER_NUMBER_OBJECT_CONVERSION = YES_AGGRESSIVE;
				CLANG_CXX_LANGUAGE_STANDARD = "gnu++14";
				CLANG_CXX_LIBRARY = "libc++";
				CLANG_ENABLE_MODULES = YES;
				CLANG_ENABLE_OBJC_ARC = YES;
				CLANG_WARN_BLOCK_CAPTURE_AUTORELEASING = YES;
				CLANG_WARN_BOOL_CONVERSION = YES;
				CLANG_WARN_COMMA = YES;
				CLANG_WARN_CONSTANT_CONVERSION = YES;
				CLANG_WARN_DIRECT_OBJC_ISA_USAGE = YES_ERROR;
				CLANG_WARN_DOCUMENTATION_COMMENTS = YES;
				CLANG_WARN_EMPTY_BODY = YES;
				CLANG_WARN_ENUM_CONVERSION = YES;
				CLANG_WARN_INFINITE_RECURSION = YES;
				CLANG_WARN_INT_CONVERSION = YES;
				CLANG_WARN_OBJC_ROOT_CLASS = YES_ERROR;
				CLANG_WARN_RANGE_LOOP_ANALYSIS = YES;
				CLANG_WARN_STRICT_PROTOTYPES = YES;
				CLANG_WARN_SUSPICIOUS_MOVE = YES;
				CLANG_WARN_UNGUARDED_AVAILABILITY = YES_AGGRESSIVE;
				CLANG_WARN_UNREACHABLE_CODE = YES;
				CLANG_WARN__DUPLICATE_METHOD_MATCH = YES;
				CODE_SIGN_IDENTITY = "iPhone Developer";
				COPY_PHASE_STRIP = NO;
				DEBUG_INFORMATION_FORMAT = "dwarf-with-dsym";
				ENABLE_NS_ASSERTIONS = NO;
				ENABLE_STRICT_OBJC_MSGSEND = YES;
				GCC_C_LANGUAGE_STANDARD = gnu11;
				GCC_NO_COMMON_BLOCKS = YES;
				GCC_WARN_64_TO_32_BIT_CONVERSION = YES;
				GCC_WARN_ABOUT_RETURN_TYPE = YES_ERROR;
				GCC_WARN_UNDECLARED_SELECTOR = YES;
				GCC_WARN_UNINITIALIZED_AUTOS = YES_AGGRESSIVE;
				GCC_WARN_UNUSED_FUNCTION = YES;
				GCC_WARN_UNUSED_VARIABLE = YES;
				IPHONEOS_DEPLOYMENT_TARGET = 11.0;
				MTL_ENABLE_DEBUG_INFO = NO;
				SDKROOT = iphoneos;
				SWIFT_OPTIMIZATION_LEVEL = "-Owholemodule";
				VALIDATE_PRODUCT = YES;
			};
			name = Release;
		};
		C1AF67081EF0BD8500BF12DD /* Debug */ = {
			isa = XCBuildConfiguration;
			buildSettings = {
				ASSETCATALOG_COMPILER_APPICON_NAME = AppIcon;
				DEVELOPMENT_TEAM = GX5M958USP;
				INFOPLIST_FILE = iris_ML_example/Info.plist;
				LD_RUNPATH_SEARCH_PATHS = "$(inherited) @executable_path/Frameworks";
				PRODUCT_BUNDLE_IDENTIFIER = "com.ericmay.iris-ML-example";
				PRODUCT_NAME = "$(TARGET_NAME)";
				SWIFT_VERSION = 4.0;
				TARGETED_DEVICE_FAMILY = "1,2";
			};
			name = Debug;
		};
		C1AF67091EF0BD8500BF12DD /* Release */ = {
			isa = XCBuildConfiguration;
			buildSettings = {
				ASSETCATALOG_COMPILER_APPICON_NAME = AppIcon;
				DEVELOPMENT_TEAM = GX5M958USP;
				INFOPLIST_FILE = iris_ML_example/Info.plist;
				LD_RUNPATH_SEARCH_PATHS = "$(inherited) @executable_path/Frameworks";
				PRODUCT_BUNDLE_IDENTIFIER = "com.ericmay.iris-ML-example";
				PRODUCT_NAME = "$(TARGET_NAME)";
				SWIFT_VERSION = 4.0;
				TARGETED_DEVICE_FAMILY = "1,2";
			};
			name = Release;
		};
/* End XCBuildConfiguration section */

/* Begin XCConfigurationList section */
		C1AF66ED1EF0BD8500BF12DD /* Build configuration list for PBXProject "iris_ML_example" */ = {
			isa = XCConfigurationList;
			buildConfigurations = (
				C1AF67051EF0BD8500BF12DD /* Debug */,
				C1AF67061EF0BD8500BF12DD /* Release */,
			);
			defaultConfigurationIsVisible = 0;
			defaultConfigurationName = Release;
		};
		C1AF67071EF0BD8500BF12DD /* Build configuration list for PBXNativeTarget "iris_ML_example" */ = {
			isa = XCConfigurationList;
			buildConfigurations = (
				C1AF67081EF0BD8500BF12DD /* Debug */,
				C1AF67091EF0BD8500BF12DD /* Release */,
			);
			defaultConfigurationIsVisible = 0;
		};
/* End XCConfigurationList section */

/* Begin XCVersionGroup section */
		C1AF66FC1EF0BD8500BF12DD /* iris_ML_example.xcdatamodeld */ = {
			isa = XCVersionGroup;
			children = (
				C1AF66FD1EF0BD8500BF12DD /* iris_ML_example.xcdatamodel */,
			);
			currentVersion = C1AF66FD1EF0BD8500BF12DD /* iris_ML_example.xcdatamodel */;
			path = iris_ML_example.xcdatamodeld;
			sourceTree = "<group>";
			versionGroupType = wrapper.xcdatamodel;
		};
/* End XCVersionGroup section */
	};
	rootObject = C1AF66EA1EF0BD8500BF12DD /* Project object */;
}
